Microsoft Visual Studio Solution File, Format Version 12.00
# Visual Studio Version 17
VisualStudioVersion = 17.5.2.0
MinimumVisualStudioVersion = 10.0.40219.1
Project("{FAE04EC0-301F-11D3-BF4B-00C04F79EFBC}") = "IsaretDiliAPI", "IsaretDiliAPI\IsaretDiliAPI.csproj", "{C9BD45DF-4ED1-7367-D66D-41ECC03733B1}"
EndProject
Global
	GlobalSection(SolutionConfigurationPlatforms) = preSolution
		Debug|Any CPU = Debug|Any CPU
		Release|Any CPU = Release|Any CPU
	EndGlobalSection
	GlobalSection(ProjectConfigurationPlatforms) = postSolution
		{C9BD45DF-4ED1-7367-D66D-41ECC03733B1}.Debug|Any CPU.ActiveCfg = Debug|Any CPU
		{C9BD45DF-4ED1-7367-D66D-41ECC03733B1}.Debug|Any CPU.Build.0 = Debug|Any CPU
		{C9BD45DF-4ED1-7367-D66D-41ECC03733B1}.Release|Any CPU.ActiveCfg = Release|Any CPU
		{C9BD45DF-4ED1-7367-D66D-41ECC03733B1}.Release|Any CPU.Build.0 = Release|Any CPU
	EndGlobalSection
	GlobalSection(SolutionProperties) = preSolution
		HideSolutionNode = FALSE
	EndGlobalSection
	GlobalSection(ExtensibilityGlobals) = postSolution
		SolutionGuid = {43B8EE0B-6F9A-4E1E-8146-AE6E824D0F44}
	EndGlobalSection
EndGlobal
